version = 1
revision = 3
requires-python = "==3.11.9"

[[package]]
name = "document"
version = "1.0"
source = { registry = "https://pypi.org/simple" }
sdist = { url = "https://files.pythonhosted.org/packages/7d/14/2230c93dbabaa3c8d6db8fe781f66bbfc48d3232bf4dec4defe27f878309/document-1.0.tar.gz", hash = "sha256:6f6381266d3c7ca3d9cd0a835b9721648346af7bd2d66a2452f8eb08c01bc4a5", size = 8657, upload-time = "2014-03-05T10:54:44.844Z" }

[[package]]
name = "et-xmlfile"
version = "2.0.0"
source = { registry = "https://pypi.org/simple" }
sdist = { url = "https://files.pythonhosted.org/packages/d3/38/af70d7ab1ae9d4da450eeec1fa3918940a5fafb9055e934af8d6eb0c2313/et_xmlfile-2.0.0.tar.gz", hash = "sha256:dab3f4764309081ce75662649be815c4c9081e88f0837825f90fd28317d4da54", size = 17234, upload-time = "2024-10-25T17:25:40.039Z" }
wheels = [
    { url = "https://files.pythonhosted.org/packages/c1/8b/5fe2cc11fee489817272089c4203e679c63b570a5aaeb18d852ae3cbba6a/et_xmlfile-2.0.0-py3-none-any.whl", hash = "sha256:7a91720bc756843502c3b7504c77b8fe44217c85c537d85037f0f536151b2caa", size = 18059, upload-time = "2024-10-25T17:25:39.051Z" },
]

[[package]]
name = "lxml"
version = "6.0.2"
source = { registry = "https://pypi.org/simple" }
sdist = { url = "https://files.pythonhosted.org/packages/aa/88/262177de60548e5a2bfc46ad28232c9e9cbde697bd94132aeb80364675cb/lxml-6.0.2.tar.gz", hash = "sha256:cd79f3367bd74b317dda655dc8fcfa304d9eb6e4fb06b7168c5cf27f96e0cd62", size = 4073426, upload-time = "2025-09-22T04:04:59.287Z" }
wheels = [
    { url = "https://files.pythonhosted.org/packages/77/d5/becbe1e2569b474a23f0c672ead8a29ac50b2dc1d5b9de184831bda8d14c/lxml-6.0.2-cp311-cp311-macosx_10_9_universal2.whl", hash = "sha256:13e35cbc684aadf05d8711a5d1b5857c92e5e580efa9a0d2be197199c8def607", size = 8634365, upload-time = "2025-09-22T04:00:45.672Z" },
    { url = "https://files.pythonhosted.org/packages/28/66/1ced58f12e804644426b85d0bb8a4478ca77bc1761455da310505f1a3526/lxml-6.0.2-cp311-cp311-macosx_10_9_x86_64.whl", hash = "sha256:3b1675e096e17c6fe9c0e8c81434f5736c0739ff9ac6123c87c2d452f48fc938", size = 4650793, upload-time = "2025-09-22T04:00:47.783Z" },
    { url = "https://files.pythonhosted.org/packages/11/84/549098ffea39dfd167e3f174b4ce983d0eed61f9d8d25b7bf2a57c3247fc/lxml-6.0.2-cp311-cp311-manylinux2014_aarch64.manylinux_2_17_aarch64.whl", hash = "sha256:8ac6e5811ae2870953390452e3476694196f98d447573234592d30488147404d", size = 4944362, upload-time = "2025-09-22T04:00:49.845Z" },
    { url = "https://files.pythonhosted.org/packages/ac/bd/f207f16abf9749d2037453d56b643a7471d8fde855a231a12d1e095c4f01/lxml-6.0.2-cp311-cp311-manylinux2014_x86_64.manylinux_2_17_x86_64.whl", hash = "sha256:5aa0fc67ae19d7a64c3fe725dc9a1bb11f80e01f78289d05c6f62545affec438", size = 5083152, upload-time = "2025-09-22T04:00:51.709Z" },
    { url = "https://files.pythonhosted.org/packages/15/ae/bd813e87d8941d52ad5b65071b1affb48da01c4ed3c9c99e40abb266fbff/lxml-6.0.2-cp311-cp311-manylinux_2_26_aarch64.manylinux_2_28_aarch64.whl", hash = "sha256:de496365750cc472b4e7902a485d3f152ecf57bd3ba03ddd5578ed8ceb4c5964", size = 5023539, upload-time = "2025-09-22T04:00:53.593Z" },
    { url = "https://files.pythonhosted.org/packages/02/cd/9bfef16bd1d874fbe0cb51afb00329540f30a3283beb9f0780adbb7eec03/lxml-6.0.2-cp311-cp311-manylinux_2_26_i686.manylinux_2_28_i686.whl", hash = "sha256:200069a593c5e40b8f6fc0d84d86d970ba43138c3e68619ffa234bc9bb806a4d", size = 5344853, upload-time = "2025-09-22T04:00:55.524Z" },
    { url = "https://files.pythonhosted.org/packages/b8/89/ea8f91594bc5dbb879734d35a6f2b0ad50605d7fb419de2b63d4211765cc/lxml-6.0.2-cp311-cp311-manylinux_2_26_x86_64.manylinux_2_28_x86_64.whl", hash = "sha256:7d2de809c2ee3b888b59f995625385f74629707c9355e0ff856445cdcae682b7", size = 5225133, upload-time = "2025-09-22T04:00:57.269Z" },
    { url = "https://files.pythonhosted.org/packages/b9/37/9c735274f5dbec726b2db99b98a43950395ba3d4a1043083dba2ad814170/lxml-6.0.2-cp311-cp311-manylinux_2_31_armv7l.whl", hash = "sha256:b2c3da8d93cf5db60e8858c17684c47d01fee6405e554fb55018dd85fc23b178", size = 4677944, upload-time = "2025-09-22T04:00:59.052Z" },
    { url = "https://files.pythonhosted.org/packages/20/28/7dfe1ba3475d8bfca3878365075abe002e05d40dfaaeb7ec01b4c587d533/lxml-6.0.2-cp311-cp311-manylinux_2_38_riscv64.manylinux_2_39_riscv64.whl", hash = "sha256:442de7530296ef5e188373a1ea5789a46ce90c4847e597856570439621d9c553", size = 5284535, upload-time = "2025-09-22T04:01:01.335Z" },
    { url = "https://files.pythonhosted.org/packages/e7/cf/5f14bc0de763498fc29510e3532bf2b4b3a1c1d5d0dff2e900c16ba021ef/lxml-6.0.2-cp311-cp311-musllinux_1_2_aarch64.whl", hash = "sha256:2593c77efde7bfea7f6389f1ab249b15ed4aa5bc5cb5131faa3b843c429fbedb", size = 5067343, upload-time = "2025-09-22T04:01:03.13Z" },
    { url = "https://files.pythonhosted.org/packages/1c/b0/bb8275ab5472f32b28cfbbcc6db7c9d092482d3439ca279d8d6fa02f7025/lxml-6.0.2-cp311-cp311-musllinux_1_2_armv7l.whl", hash = "sha256:3e3cb08855967a20f553ff32d147e14329b3ae70ced6edc2f282b94afbc74b2a", size = 4725419, upload-time = "2025-09-22T04:01:05.013Z" },
    { url = "https://files.pythonhosted.org/packages/25/4c/7c222753bc72edca3b99dbadba1b064209bc8ed4ad448af990e60dcce462/lxml-6.0.2-cp311-cp311-musllinux_1_2_riscv64.whl", hash = "sha256:2ed6c667fcbb8c19c6791bbf40b7268ef8ddf5a96940ba9404b9f9a304832f6c", size = 5275008, upload-time = "2025-09-22T04:01:07.327Z" },
    { url = "https://files.pythonhosted.org/packages/6c/8c/478a0dc6b6ed661451379447cdbec77c05741a75736d97e5b2b729687828/lxml-6.0.2-cp311-cp311-musllinux_1_2_x86_64.whl", hash = "sha256:b8f18914faec94132e5b91e69d76a5c1d7b0c73e2489ea8929c4aaa10b76bbf7", size = 5248906, upload-time = "2025-09-22T04:01:09.452Z" },
    { url = "https://files.pythonhosted.org/packages/2d/d9/5be3a6ab2784cdf9accb0703b65e1b64fcdd9311c9f007630c7db0cfcce1/lxml-6.0.2-cp311-cp311-win32.whl", hash = "sha256:6605c604e6daa9e0d7f0a2137bdc47a2e93b59c60a65466353e37f8272f47c46", size = 3610357, upload-time = "2025-09-22T04:01:11.102Z" },
    { url = "https://files.pythonhosted.org/packages/e2/7d/ca6fb13349b473d5732fb0ee3eec8f6c80fc0688e76b7d79c1008481bf1f/lxml-6.0.2-cp311-cp311-win_amd64.whl", hash = "sha256:e5867f2651016a3afd8dd2c8238baa66f1e2802f44bc17e236f547ace6647078", size = 4036583, upload-time = "2025-09-22T04:01:12.766Z" },
    { url = "https://files.pythonhosted.org/packages/ab/a2/51363b5ecd3eab46563645f3a2c3836a2fc67d01a1b87c5017040f39f567/lxml-6.0.2-cp311-cp311-win_arm64.whl", hash = "sha256:4197fb2534ee05fd3e7afaab5d8bfd6c2e186f65ea7f9cd6a82809c887bd1285", size = 3680591, upload-time = "2025-09-22T04:01:14.874Z" },
    { url = "https://files.pythonhosted.org/packages/0b/11/29d08bc103a62c0eba8016e7ed5aeebbf1e4312e83b0b1648dd203b0e87d/lxml-6.0.2-pp311-pypy311_pp73-macosx_10_15_x86_64.whl", hash = "sha256:1c06035eafa8404b5cf475bb37a9f6088b0aca288d4ccc9d69389750d5543700", size = 3949829, upload-time = "2025-09-22T04:04:45.608Z" },
    { url = "https://files.pythonhosted.org/packages/12/b3/52ab9a3b31e5ab8238da241baa19eec44d2ab426532441ee607165aebb52/lxml-6.0.2-pp311-pypy311_pp73-manylinux2014_aarch64.manylinux_2_17_aarch64.whl", hash = "sha256:c7d13103045de1bdd6fe5d61802565f1a3537d70cd3abf596aa0af62761921ee", size = 4226277, upload-time = "2025-09-22T04:04:47.754Z" },
    { url = "https://files.pythonhosted.org/packages/a0/33/1eaf780c1baad88224611df13b1c2a9dfa460b526cacfe769103ff50d845/lxml-6.0.2-pp311-pypy311_pp73-manylinux2014_x86_64.manylinux_2_17_x86_64.whl", hash = "sha256:0a3c150a95fbe5ac91de323aa756219ef9cf7fde5a3f00e2281e30f33fa5fa4f", size = 4330433, upload-time = "2025-09-22T04:04:49.907Z" },
    { url = "https://files.pythonhosted.org/packages/7a/c1/27428a2ff348e994ab4f8777d3a0ad510b6b92d37718e5887d2da99952a2/lxml-6.0.2-pp311-pypy311_pp73-manylinux_2_26_aarch64.manylinux_2_28_aarch64.whl", hash = "sha256:60fa43be34f78bebb27812ed90f1925ec99560b0fa1decdb7d12b84d857d31e9", size = 4272119, upload-time = "2025-09-22T04:04:51.801Z" },
    { url = "https://files.pythonhosted.org/packages/f0/d0/3020fa12bcec4ab62f97aab026d57c2f0cfd480a558758d9ca233bb6a79d/lxml-6.0.2-pp311-pypy311_pp73-manylinux_2_26_x86_64.manylinux_2_28_x86_64.whl", hash = "sha256:21c73b476d3cfe836be731225ec3421fa2f048d84f6df6a8e70433dff1376d5a", size = 4417314, upload-time = "2025-09-22T04:04:55.024Z" },
    { url = "https://files.pythonhosted.org/packages/6c/77/d7f491cbc05303ac6801651aabeb262d43f319288c1ea96c66b1d2692ff3/lxml-6.0.2-pp311-pypy311_pp73-win_amd64.whl", hash = "sha256:27220da5be049e936c3aca06f174e8827ca6445a4353a1995584311487fc4e3e", size = 3518768, upload-time = "2025-09-22T04:04:57.097Z" },
]

[[package]]
name = "numpy"
version = "2.3.3"
source = { registry = "https://pypi.org/simple" }
sdist = { url = "https://files.pythonhosted.org/packages/d0/19/95b3d357407220ed24c139018d2518fab0a61a948e68286a25f1a4d049ff/numpy-2.3.3.tar.gz", hash = "sha256:ddc7c39727ba62b80dfdbedf400d1c10ddfa8eefbd7ec8dcb118be8b56d31029", size = 20576648, upload-time = "2025-09-09T16:54:12.543Z" }
wheels = [
    { url = "https://files.pythonhosted.org/packages/7a/45/e80d203ef6b267aa29b22714fb558930b27960a0c5ce3c19c999232bb3eb/numpy-2.3.3-cp311-cp311-macosx_10_9_x86_64.whl", hash = "sha256:0ffc4f5caba7dfcbe944ed674b7eef683c7e94874046454bb79ed7ee0236f59d", size = 21259253, upload-time = "2025-09-09T15:56:02.094Z" },
    { url = "https://files.pythonhosted.org/packages/52/18/cf2c648fccf339e59302e00e5f2bc87725a3ce1992f30f3f78c9044d7c43/numpy-2.3.3-cp311-cp311-macosx_11_0_arm64.whl", hash = "sha256:e7e946c7170858a0295f79a60214424caac2ffdb0063d4d79cb681f9aa0aa569", size = 14450980, upload-time = "2025-09-09T15:56:05.926Z" },
    { url = "https://files.pythonhosted.org/packages/93/fb/9af1082bec870188c42a1c239839915b74a5099c392389ff04215dcee812/numpy-2.3.3-cp311-cp311-macosx_14_0_arm64.whl", hash = "sha256:cd4260f64bc794c3390a63bf0728220dd1a68170c169088a1e0dfa2fde1be12f", size = 5379709, upload-time = "2025-09-09T15:56:07.95Z" },
    { url = "https://files.pythonhosted.org/packages/75/0f/bfd7abca52bcbf9a4a65abc83fe18ef01ccdeb37bfb28bbd6ad613447c79/numpy-2.3.3-cp311-cp311-macosx_14_0_x86_64.whl", hash = "sha256:f0ddb4b96a87b6728df9362135e764eac3cfa674499943ebc44ce96c478ab125", size = 6913923, upload-time = "2025-09-09T15:56:09.443Z" },
    { url = "https://files.pythonhosted.org/packages/79/55/d69adad255e87ab7afda1caf93ca997859092afeb697703e2f010f7c2e55/numpy-2.3.3-cp311-cp311-manylinux_2_27_aarch64.manylinux_2_28_aarch64.whl", hash = "sha256:afd07d377f478344ec6ca2b8d4ca08ae8bd44706763d1efb56397de606393f48", size = 14589591, upload-time = "2025-09-09T15:56:11.234Z" },
    { url = "https://files.pythonhosted.org/packages/10/a2/010b0e27ddeacab7839957d7a8f00e91206e0c2c47abbb5f35a2630e5387/numpy-2.3.3-cp311-cp311-manylinux_2_27_x86_64.manylinux_2_28_x86_64.whl", hash = "sha256:bc92a5dedcc53857249ca51ef29f5e5f2f8c513e22cfb90faeb20343b8c6f7a6", size = 16938714, upload-time = "2025-09-09T15:56:14.637Z" },
    { url = "https://files.pythonhosted.org/packages/1c/6b/12ce8ede632c7126eb2762b9e15e18e204b81725b81f35176eac14dc5b82/numpy-2.3.3-cp311-cp311-musllinux_1_2_aarch64.whl", hash = "sha256:7af05ed4dc19f308e1d9fc759f36f21921eb7bbfc82843eeec6b2a2863a0aefa", size = 16370592, upload-time = "2025-09-09T15:56:17.285Z" },
    { url = "https://files.pythonhosted.org/packages/b4/35/aba8568b2593067bb6a8fe4c52babb23b4c3b9c80e1b49dff03a09925e4a/numpy-2.3.3-cp311-cp311-musllinux_1_2_x86_64.whl", hash = "sha256:433bf137e338677cebdd5beac0199ac84712ad9d630b74eceeb759eaa45ddf30", size = 18884474, upload-time = "2025-09-09T15:56:20.943Z" },
    { url = "https://files.pythonhosted.org/packages/45/fa/7f43ba10c77575e8be7b0138d107e4f44ca4a1ef322cd16980ea3e8b8222/numpy-2.3.3-cp311-cp311-win32.whl", hash = "sha256:eb63d443d7b4ffd1e873f8155260d7f58e7e4b095961b01c91062935c2491e57", size = 6599794, upload-time = "2025-09-09T15:56:23.258Z" },
    { url = "https://files.pythonhosted.org/packages/0a/a2/a4f78cb2241fe5664a22a10332f2be886dcdea8784c9f6a01c272da9b426/numpy-2.3.3-cp311-cp311-win_amd64.whl", hash = "sha256:ec9d249840f6a565f58d8f913bccac2444235025bbb13e9a4681783572ee3caa", size = 13088104, upload-time = "2025-09-09T15:56:25.476Z" },
    { url = "https://files.pythonhosted.org/packages/79/64/e424e975adbd38282ebcd4891661965b78783de893b381cbc4832fb9beb2/numpy-2.3.3-cp311-cp311-win_arm64.whl", hash = "sha256:74c2a948d02f88c11a3c075d9733f1ae67d97c6bdb97f2bb542f980458b257e7", size = 10460772, upload-time = "2025-09-09T15:56:27.679Z" },
    { url = "https://files.pythonhosted.org/packages/b8/f2/7e0a37cfced2644c9563c529f29fa28acbd0960dde32ece683aafa6f4949/numpy-2.3.3-pp311-pypy311_pp73-macosx_10_15_x86_64.whl", hash = "sha256:1e02c7159791cd481e1e6d5ddd766b62a4d5acf8df4d4d1afe35ee9c5c33a41e", size = 21131019, upload-time = "2025-09-09T15:58:42.838Z" },
    { url = "https://files.pythonhosted.org/packages/1a/7e/3291f505297ed63831135a6cc0f474da0c868a1f31b0dd9a9f03a7a0d2ed/numpy-2.3.3-pp311-pypy311_pp73-macosx_11_0_arm64.whl", hash = "sha256:dca2d0fc80b3893ae72197b39f69d55a3cd8b17ea1b50aa4c62de82419936150", size = 14376288, upload-time = "2025-09-09T15:58:45.425Z" },
    { url = "https://files.pythonhosted.org/packages/bf/4b/ae02e985bdeee73d7b5abdefeb98aef1207e96d4c0621ee0cf228ddfac3c/numpy-2.3.3-pp311-pypy311_pp73-macosx_14_0_arm64.whl", hash = "sha256:99683cbe0658f8271b333a1b1b4bb3173750ad59c0c61f5bbdc5b318918fffe3", size = 5305425, upload-time = "2025-09-09T15:58:48.6Z" },
    { url = "https://files.pythonhosted.org/packages/8b/eb/9df215d6d7250db32007941500dc51c48190be25f2401d5b2b564e467247/numpy-2.3.3-pp311-pypy311_pp73-macosx_14_0_x86_64.whl", hash = "sha256:d9d537a39cc9de668e5cd0e25affb17aec17b577c6b3ae8a3d866b479fbe88d0", size = 6819053, upload-time = "2025-09-09T15:58:50.401Z" },
    { url = "https://files.pythonhosted.org/packages/57/62/208293d7d6b2a8998a4a1f23ac758648c3c32182d4ce4346062018362e29/numpy-2.3.3-pp311-pypy311_pp73-manylinux_2_27_aarch64.manylinux_2_28_aarch64.whl", hash = "sha256:8596ba2f8af5f93b01d97563832686d20206d303024777f6dfc2e7c7c3f1850e", size = 14420354, upload-time = "2025-09-09T15:58:52.704Z" },
    { url = "https://files.pythonhosted.org/packages/ed/0c/8e86e0ff7072e14a71b4c6af63175e40d1e7e933ce9b9e9f765a95b4e0c3/numpy-2.3.3-pp311-pypy311_pp73-manylinux_2_27_x86_64.manylinux_2_28_x86_64.whl", hash = "sha256:e1ec5615b05369925bd1125f27df33f3b6c8bc10d788d5999ecd8769a1fa04db", size = 16760413, upload-time = "2025-09-09T15:58:55.027Z" },
    { url = "https://files.pythonhosted.org/packages/af/11/0cc63f9f321ccf63886ac203336777140011fb669e739da36d8db3c53b98/numpy-2.3.3-pp311-pypy311_pp73-win_amd64.whl", hash = "sha256:2e267c7da5bf7309670523896df97f93f6e469fb931161f483cd6882b3b1a5dc", size = 12971844, upload-time = "2025-09-09T15:58:57.359Z" },
]

[[package]]
name = "openpyxl"
version = "3.1.5"
source = { registry = "https://pypi.org/simple" }
dependencies = [
    { name = "et-xmlfile" },
]
sdist = { url = "https://files.pythonhosted.org/packages/3d/f9/88d94a75de065ea32619465d2f77b29a0469500e99012523b91cc4141cd1/openpyxl-3.1.5.tar.gz", hash = "sha256:cf0e3cf56142039133628b5acffe8ef0c12bc902d2aadd3e0fe5878dc08d1050", size = 186464, upload-time = "2024-06-28T14:03:44.161Z" }
wheels = [
    { url = "https://files.pythonhosted.org/packages/c0/da/977ded879c29cbd04de313843e76868e6e13408a94ed6b987245dc7c8506/openpyxl-3.1.5-py2.py3-none-any.whl", hash = "sha256:5282c12b107bffeef825f4617dc029afaf41d0ea60823bbb665ef3079dc79de2", size = 250910, upload-time = "2024-06-28T14:03:41.161Z" },
]

[[package]]
name = "pandas"
version = "2.3.2"
source = { registry = "https://pypi.org/simple" }
dependencies = [
    { name = "numpy" },
    { name = "python-dateutil" },
    { name = "pytz" },
    { name = "tzdata" },
]
sdist = { url = "https://files.pythonhosted.org/packages/79/8e/0e90233ac205ad182bd6b422532695d2b9414944a280488105d598c70023/pandas-2.3.2.tar.gz", hash = "sha256:ab7b58f8f82706890924ccdfb5f48002b83d2b5a3845976a9fb705d36c34dcdb", size = 4488684, upload-time = "2025-08-21T10:28:29.257Z" }
wheels = [
    { url = "https://files.pythonhosted.org/packages/7a/59/f3e010879f118c2d400902d2d871c2226cef29b08c09fb8dc41111730400/pandas-2.3.2-cp311-cp311-macosx_10_9_x86_64.whl", hash = "sha256:1333e9c299adcbb68ee89a9bb568fc3f20f9cbb419f1dd5225071e6cddb2a743", size = 11563308, upload-time = "2025-08-21T10:26:56.656Z" },
    { url = "https://files.pythonhosted.org/packages/38/18/48f10f1cc5c397af59571d638d211f494dba481f449c19adbd282aa8f4ca/pandas-2.3.2-cp311-cp311-macosx_11_0_arm64.whl", hash = "sha256:76972bcbd7de8e91ad5f0ca884a9f2c477a2125354af624e022c49e5bd0dfff4", size = 10820319, upload-time = "2025-08-21T10:26:59.162Z" },
    { url = "https://files.pythonhosted.org/packages/95/3b/1e9b69632898b048e223834cd9702052bcf06b15e1ae716eda3196fb972e/pandas-2.3.2-cp311-cp311-manylinux_2_17_aarch64.manylinux2014_aarch64.whl", hash = "sha256:b98bdd7c456a05eef7cd21fd6b29e3ca243591fe531c62be94a2cc987efb5ac2", size = 11790097, upload-time = "2025-08-21T10:27:02.204Z" },
    { url = "https://files.pythonhosted.org/packages/8b/ef/0e2ffb30b1f7fbc9a588bd01e3c14a0d96854d09a887e15e30cc19961227/pandas-2.3.2-cp311-cp311-manylinux_2_17_x86_64.manylinux2014_x86_64.whl", hash = "sha256:1d81573b3f7db40d020983f78721e9bfc425f411e616ef019a10ebf597aedb2e", size = 12397958, upload-time = "2025-08-21T10:27:05.409Z" },
    { url = "https://files.pythonhosted.org/packages/23/82/e6b85f0d92e9afb0e7f705a51d1399b79c7380c19687bfbf3d2837743249/pandas-2.3.2-cp311-cp311-musllinux_1_2_aarch64.whl", hash = "sha256:e190b738675a73b581736cc8ec71ae113d6c3768d0bd18bffa5b9a0927b0b6ea", size = 13225600, upload-time = "2025-08-21T10:27:07.791Z" },
    { url = "https://files.pythonhosted.org/packages/e8/f1/f682015893d9ed51611948bd83683670842286a8edd4f68c2c1c3b231eef/pandas-2.3.2-cp311-cp311-musllinux_1_2_x86_64.whl", hash = "sha256:c253828cb08f47488d60f43c5fc95114c771bbfff085da54bfc79cb4f9e3a372", size = 13879433, upload-time = "2025-08-21T10:27:10.347Z" },
    { url = "https://files.pythonhosted.org/packages/a7/e7/ae86261695b6c8a36d6a4c8d5f9b9ede8248510d689a2f379a18354b37d7/pandas-2.3.2-cp311-cp311-win_amd64.whl", hash = "sha256:9467697b8083f9667b212633ad6aa4ab32436dcbaf4cd57325debb0ddef2012f", size = 11336557, upload-time = "2025-08-21T10:27:12.983Z" },
]

[[package]]
name = "python-dateutil"
version = "2.9.0.post0"
source = { registry = "https://pypi.org/simple" }
dependencies = [
    { name = "six" },
]
sdist = { url = "https://files.pythonhosted.org/packages/66/c0/0c8b6ad9f17a802ee498c46e004a0eb49bc148f2fd230864601a86dcf6db/python-dateutil-2.9.0.post0.tar.gz", hash = "sha256:37dd54208da7e1cd875388217d5e00ebd4179249f90fb72437e91a35459a0ad3", size = 342432, upload-time = "2024-03-01T18:36:20.211Z" }
wheels = [
    { url = "https://files.pythonhosted.org/packages/ec/57/56b9bcc3c9c6a792fcbaf139543cee77261f3651ca9da0c93f5c1221264b/python_dateutil-2.9.0.post0-py2.py3-none-any.whl", hash = "sha256:a8b2bc7bffae282281c8140a97d3aa9c14da0b136dfe83f850eea9a5f7470427", size = 229892, upload-time = "2024-03-01T18:36:18.57Z" },
]

[[package]]
name = "python-docx"
version = "1.2.0"
source = { registry = "https://pypi.org/simple" }
dependencies = [
    { name = "lxml" },
    { name = "typing-extensions" },
]
sdist = { url = "https://files.pythonhosted.org/packages/a9/f7/eddfe33871520adab45aaa1a71f0402a2252050c14c7e3009446c8f4701c/python_docx-1.2.0.tar.gz", hash = "sha256:7bc9d7b7d8a69c9c02ca09216118c86552704edc23bac179283f2e38f86220ce", size = 5723256, upload-time = "2025-06-16T20:46:27.921Z" }
wheels = [
    { url = "https://files.pythonhosted.org/packages/d0/00/1e03a4989fa5795da308cd774f05b704ace555a70f9bf9d3be057b680bcf/python_docx-1.2.0-py3-none-any.whl", hash = "sha256:3fd478f3250fbbbfd3b94fe1e985955737c145627498896a8a6bf81f4baf66c7", size = 252987, upload-time = "2025-06-16T20:46:22.506Z" },
]

[[package]]
name = "pytz"
version = "2025.2"
source = { registry = "https://pypi.org/simple" }
sdist = { url = "https://files.pythonhosted.org/packages/f8/bf/abbd3cdfb8fbc7fb3d4d38d320f2441b1e7cbe29be4f23797b4a2b5d8aac/pytz-2025.2.tar.gz", hash = "sha256:360b9e3dbb49a209c21ad61809c7fb453643e048b38924c765813546746e81c3", size = 320884, upload-time = "2025-03-25T02:25:00.538Z" }
wheels = [
    { url = "https://files.pythonhosted.org/packages/81/c4/34e93fe5f5429d7570ec1fa436f1986fb1f00c3e0f43a589fe2bbcd22c3f/pytz-2025.2-py2.py3-none-any.whl", hash = "sha256:5ddf76296dd8c44c26eb8f4b6f35488f3ccbf6fbbd7adee0b7262d43f0ec2f00", size = 509225, upload-time = "2025-03-25T02:24:58.468Z" },
]

[[package]]
name = "six"
version = "1.17.0"
source = { registry = "https://pypi.org/simple" }
sdist = { url = "https://files.pythonhosted.org/packages/94/e7/b2c673351809dca68a0e064b6af791aa332cf192da575fd474ed7d6f16a2/six-1.17.0.tar.gz", hash = "sha256:ff70335d468e7eb6ec65b95b99d3a2836546063f63acc5171de367e834932a81", size = 34031, upload-time = "2024-12-04T17:35:28.174Z" }
wheels = [
    { url = "https://files.pythonhosted.org/packages/b7/ce/149a00dd41f10bc29e5921b496af8b574d8413afcd5e30dfa0ed46c2cc5e/six-1.17.0-py2.py3-none-any.whl", hash = "sha256:4721f391ed90541fddacab5acf947aa0d3dc7d27b2e1e8eda2be8970586c3274", size = 11050, upload-time = "2024-12-04T17:35:26.475Z" },
]

[[package]]
name = "typing-extensions"
version = "4.15.0"
source = { registry = "https://pypi.org/simple" }
sdist = { url = "https://files.pythonhosted.org/packages/72/94/1a15dd82efb362ac84269196e94cf00f187f7ed21c242792a923cdb1c61f/typing_extensions-4.15.0.tar.gz", hash = "sha256:0cea48d173cc12fa28ecabc3b837ea3cf6f38c6d1136f85cbaaf598984861466", size = 109391, upload-time = "2025-08-25T13:49:26.313Z" }
wheels = [
    { url = "https://files.pythonhosted.org/packages/18/67/36e9267722cc04a6b9f15c7f3441c2363321a3ea07da7ae0c0707beb2a9c/typing_extensions-4.15.0-py3-none-any.whl", hash = "sha256:f0fa19c6845758ab08074a0cfa8b7aecb71c999ca73d62883bc25cc018c4e548", size = 44614, upload-time = "2025-08-25T13:49:24.86Z" },
]

[[package]]
name = "tzdata"
version = "2025.2"
source = { registry = "https://pypi.org/simple" }
sdist = { url = "https://files.pythonhosted.org/packages/95/32/1a225d6164441be760d75c2c42e2780dc0873fe382da3e98a2e1e48361e5/tzdata-2025.2.tar.gz", hash = "sha256:b60a638fcc0daffadf82fe0f57e53d06bdec2f36c4df66280ae79bce6bd6f2b9", size = 196380, upload-time = "2025-03-23T13:54:43.652Z" }
wheels = [
    { url = "https://files.pythonhosted.org/packages/5c/23/c7abc0ca0a1526a0774eca151daeb8de62ec457e77262b66b359c3c7679e/tzdata-2025.2-py2.py3-none-any.whl", hash = "sha256:1a403fada01ff9221ca8044d701868fa132215d84beb92242d9acd2147f667a8", size = 347839, upload-time = "2025-03-23T13:54:41.845Z" },
]

[[package]]
name = "word-para-excel"
version = "0.1.0"
source = { virtual = "." }
dependencies = [
    { name = "document" },
    { name = "openpyxl" },
    { name = "pandas" },
    { name = "python-docx" },
]

[package.metadata]
requires-dist = [
    { name = "document", specifier = ">=1.0" },
    { name = "openpyxl", specifier = ">=3.1.5" },
    { name = "pandas", specifier = ">=2.3.2" },
    { name = "python-docx", specifier = ">=1.2.0" },
]
